// !$*UTF8*$!
{
	archiveVersion = 1;
	classes = {
	};
	objectVersion = 55;
	objects = {

/* Begin PBXBuildFile section */
		C316B14028082508001EB344 /* AppDelegate.swift in Sources */ = {isa = PBXBuildFile; fileRef = C316B13F28082508001EB344 /* AppDelegate.swift */; };
		C316B14228082508001EB344 /* SceneDelegate.swift in Sources */ = {isa = PBXBuildFile; fileRef = C316B14128082508001EB344 /* SceneDelegate.swift */; };
		C316B14428082508001EB344 /* ViewController.swift in Sources */ = {isa = PBXBuildFile; fileRef = C316B14328082508001EB344 /* ViewController.swift */; };
		C316B14728082508001EB344 /* Main.storyboard in Resources */ = {isa = PBXBuildFile; fileRef = C316B14528082508001EB344 /* Main.storyboard */; };
		C316B14928082509001EB344 /* Assets.xcassets in Resources */ = {isa = PBXBuildFile; fileRef = C316B14828082509001EB344 /* Assets.xcassets */; };
		C316B14C28082509001EB344 /* LaunchScreen.storyboard in Resources */ = {isa = PBXBuildFile; fileRef = C316B14A28082509001EB344 /* LaunchScreen.storyboard */; };
		C316B15728082509001EB344 /* StoryTellerTests.swift in Sources */ = {isa = PBXBuildFile; fileRef = C316B15628082509001EB344 /* StoryTellerTests.swift */; };
		C316B16128082509001EB344 /* StoryTellerUITests.swift in Sources */ = {isa = PBXBuildFile; fileRef = C316B16028082509001EB344 /* StoryTellerUITests.swift */; };
		C316B16328082509001EB344 /* StoryTellerUITestsLaunchTests.swift in Sources */ = {isa = PBXBuildFile; fileRef = C316B16228082509001EB344 /* StoryTellerUITestsLaunchTests.swift */; };
/* End PBXBuildFile section */

/* Begin PBXContainerItemProxy section */
		C316B15328082509001EB344 /* PBXContainerItemProxy */ = {
			isa = PBXContainerItemProxy;
			containerPortal = C316B13428082508001EB344 /* Project object */;
			proxyType = 1;
			remoteGlobalIDString = C316B13B28082508001EB344;
			remoteInfo = StoryTeller;
		};
		C316B15D28082509001EB344 /* PBXContainerItemProxy */ = {
			isa = PBXContainerItemProxy;
			containerPortal = C316B13428082508001EB344 /* Project object */;
			proxyType = 1;
			remoteGlobalIDString = C316B13B28082508001EB344;
			remoteInfo = StoryTeller;
		};
/* End PBXContainerItemProxy section */

/* Begin PBXFileReference section */
		C316B13C28082508001EB344 /* StoryTeller.app */ = {isa = PBXFileReference; explicitFileType = wrapper.application; includeInIndex = 0; path = StoryTeller.app; sourceTree = BUILT_PRODUCTS_DIR; };
		C316B13F28082508001EB344 /* AppDelegate.swift */ = {isa = PBXFileReference; lastKnownFileType = sourcecode.swift; path = AppDelegate.swift; sourceTree = "<group>"; };
		C316B14128082508001EB344 /* SceneDelegate.swift */ = {isa = PBXFileReference; lastKnownFileType = sourcecode.swift; path = SceneDelegate.swift; sourceTree = "<group>"; };
		C316B14328082508001EB344 /* ViewController.swift */ = {isa = PBXFileReference; lastKnownFileType = sourcecode.swift; path = ViewController.swift; sourceTree = "<group>"; };
		C316B14628082508001EB344 /* Base */ = {isa = PBXFileReference; lastKnownFileType = file.storyboard; name = Base; path = Base.lproj/Main.storyboard; sourceTree = "<group>"; };
		C316B14828082509001EB344 /* Assets.xcassets */ = {isa = PBXFileReference; lastKnownFileType = folder.assetcatalog; path = Assets.xcassets; sourceTree = "<group>"; };
		C316B14B28082509001EB344 /* Base */ = {isa = PBXFileReference; lastKnownFileType = file.storyboard; name = Base; path = Base.lproj/LaunchScreen.storyboard; sourceTree = "<group>"; };
		C316B14D28082509001EB344 /* Info.plist */ = {isa = PBXFileReference; lastKnownFileType = text.plist.xml; path = Info.plist; sourceTree = "<group>"; };
		C316B15228082509001EB344 /* StoryTellerTests.xctest */ = {isa = PBXFileReference; explicitFileType = wrapper.cfbundle; includeInIndex = 0; path = StoryTellerTests.xctest; sourceTree = BUILT_PRODUCTS_DIR; };
		C316B15628082509001EB344 /* StoryTellerTests.swift */ = {isa = PBXFileReference; lastKnownFileType = sourcecode.swift; path = StoryTellerTests.swift; sourceTree = "<group>"; };
		C316B15C28082509001EB344 /* StoryTellerUITests.xctest */ = {isa = PBXFileReference; explicitFileType = wrapper.cfbundle; includeInIndex = 0; path = StoryTellerUITests.xctest; sourceTree = BUILT_PRODUCTS_DIR; };
		C316B16028082509001EB344 /* StoryTellerUITests.swift */ = {isa = PBXFileReference; lastKnownFileType = sourcecode.swift; path = StoryTellerUITests.swift; sourceTree = "<group>"; };
		C316B16228082509001EB344 /* StoryTellerUITestsLaunchTests.swift */ = {isa = PBXFileReference; lastKnownFileType = sourcecode.swift; path = StoryTellerUITestsLaunchTests.swift; sourceTree = "<group>"; };
/* End PBXFileReference section */

/* Begin PBXFrameworksBuildPhase section */
		C316B13928082508001EB344 /* Frameworks */ = {
			isa = PBXFrameworksBuildPhase;
			buildActionMask = 2147483647;
			files = (
			);
			runOnlyForDeploymentPostprocessing = 0;
		};
		C316B14F28082509001EB344 /* Frameworks */ = {
			isa = PBXFrameworksBuildPhase;
			buildActionMask = 2147483647;
			files = (
			);
			runOnlyForDeploymentPostprocessing = 0;
		};
		C316B15928082509001EB344 /* Frameworks */ = {
			isa = PBXFrameworksBuildPhase;
			buildActionMask = 2147483647;
			files = (
			);
			runOnlyForDeploymentPostprocessing = 0;
		};
/* End PBXFrameworksBuildPhase section */

/* Begin PBXGroup section */
		C316B13328082508001EB344 = {
			isa = PBXGroup;
			children = (
				C316B13E28082508001EB344 /* StoryTeller */,
				C316B15528082509001EB344 /* StoryTellerTests */,
				C316B15F28082509001EB344 /* StoryTellerUITests */,
				C316B13D28082508001EB344 /* Products */,
			);
			sourceTree = "<group>";
		};
		C316B13D28082508001EB344 /* Products */ = {
			isa = PBXGroup;
			children = (
				C316B13C28082508001EB344 /* StoryTeller.app */,
				C316B15228082509001EB344 /* StoryTellerTests.xctest */,
				C316B15C28082509001EB344 /* StoryTellerUITests.xctest */,
			);
			name = Products;
			sourceTree = "<group>";
		};
		C316B13E28082508001EB344 /* StoryTeller */ = {
			isa = PBXGroup;
			children = (
				C316B13F28082508001EB344 /* AppDelegate.swift */,
				C316B14128082508001EB344 /* SceneDelegate.swift */,
				C316B14328082508001EB344 /* ViewController.swift */,
				C316B14528082508001EB344 /* Main.storyboard */,
				C316B14828082509001EB344 /* Assets.xcassets */,
				C316B14A28082509001EB344 /* LaunchScreen.storyboard */,
				C316B14D28082509001EB344 /* Info.plist */,
			);
			path = StoryTeller;
			sourceTree = "<group>";
		};
		C316B15528082509001EB344 /* StoryTellerTests */ = {
			isa = PBXGroup;
			children = (
				C316B15628082509001EB344 /* StoryTellerTests.swift */,
			);
			path = StoryTellerTests;
			sourceTree = "<group>";
		};
		C316B15F28082509001EB344 /* StoryTellerUITests */ = {
			isa = PBXGroup;
			children = (
				C316B16028082509001EB344 /* StoryTellerUITests.swift */,
				C316B16228082509001EB344 /* StoryTellerUITestsLaunchTests.swift */,
			);
			path = StoryTellerUITests;
			sourceTree = "<group>";
		};
/* End PBXGroup section */

/* Begin PBXNativeTarget section */
		C316B13B28082508001EB344 /* StoryTeller */ = {
			isa = PBXNativeTarget;
			buildConfigurationList = C316B16628082509001EB344 /* Build configuration list for PBXNativeTarget "StoryTeller" */;
			buildPhases = (
				C316B13828082508001EB344 /* Sources */,
				C316B13928082508001EB344 /* Frameworks */,
				C316B13A28082508001EB344 /* Resources */,
			);
			buildRules = (
			);
			dependencies = (
			);
			name = StoryTeller;
			productName = StoryTeller;
			productReference = C316B13C28082508001EB344 /* StoryTeller.app */;
			productType = "com.apple.product-type.application";
		};
		C316B15128082509001EB344 /* StoryTellerTests */ = {
			isa = PBXNativeTarget;
			buildConfigurationList = C316B16928082509001EB344 /* Build configuration list for PBXNativeTarget "StoryTellerTests" */;
			buildPhases = (
				C316B14E28082509001EB344 /* Sources */,
				C316B14F28082509001EB344 /* Frameworks */,
				C316B15028082509001EB344 /* Resources */,
			);
			buildRules = (
			);
			dependencies = (
				C316B15428082509001EB344 /* PBXTargetDependency */,
			);
			name = StoryTellerTests;
			productName = StoryTellerTests;
			productReference = C316B15228082509001EB344 /* StoryTellerTests.xctest */;
			productType = "com.apple.product-type.bundle.unit-test";
		};
		C316B15B28082509001EB344 /* StoryTellerUITests */ = {
			isa = PBXNativeTarget;
			buildConfigurationList = C316B16C28082509001EB344 /* Build configuration list for PBXNativeTarget "StoryTellerUITests" */;
			buildPhases = (
				C316B15828082509001EB344 /* Sources */,
				C316B15928082509001EB344 /* Frameworks */,
				C316B15A28082509001EB344 /* Resources */,
			);
			buildRules = (
			);
			dependencies = (
				C316B15E28082509001EB344 /* PBXTargetDependency */,
			);
			name = StoryTellerUITests;
			productName = StoryTellerUITests;
			productReference = C316B15C28082509001EB344 /* StoryTellerUITests.xctest */;
			productType = "com.apple.product-type.bundle.ui-testing";
		};
/* End PBXNativeTarget section */

/* Begin PBXProject section */
		C316B13428082508001EB344 /* Project object */ = {
			isa = PBXProject;
			attributes = {
				BuildIndependentTargetsInParallel = 1;
				LastSwiftUpdateCheck = 1320;
				LastUpgradeCheck = 1320;
				TargetAttributes = {
					C316B13B28082508001EB344 = {
						CreatedOnToolsVersion = 13.2.1;
					};
					C316B15128082509001EB344 = {
						CreatedOnToolsVersion = 13.2.1;
						TestTargetID = C316B13B28082508001EB344;
					};
					C316B15B28082509001EB344 = {
						CreatedOnToolsVersion = 13.2.1;
						TestTargetID = C316B13B28082508001EB344;
					};
				};
			};
			buildConfigurationList = C316B13728082508001EB344 /* Build configuration list for PBXProject "StoryTeller" */;
			compatibilityVersion = "Xcode 13.0";
			developmentRegion = en;
			hasScannedForEncodings = 0;
			knownRegions = (
				en,
				Base,
			);
			mainGroup = C316B13328082508001EB344;
			productRefGroup = C316B13D28082508001EB344 /* Products */;
			projectDirPath = "";
			projectRoot = "";
			targets = (
				C316B13B28082508001EB344 /* StoryTeller */,
				C316B15128082509001EB344 /* StoryTellerTests */,
				C316B15B28082509001EB344 /* StoryTellerUITests */,
			);
		};
/* End PBXProject section */

/* Begin PBXResourcesBuildPhase section */
		C316B13A28082508001EB344 /* Resources */ = {
			isa = PBXResourcesBuildPhase;
			buildActionMask = 2147483647;
			files = (
				C316B14C28082509001EB344 /* LaunchScreen.storyboard in Resources */,
				C316B14928082509001EB344 /* Assets.xcassets in Resources */,
				C316B14728082508001EB344 /* Main.storyboard in Resources */,
			);
			runOnlyForDeploymentPostprocessing = 0;
		};
		C316B15028082509001EB344 /* Resources */ = {
			isa = PBXResourcesBuildPhase;
			buildActionMask = 2147483647;
			files = (
			);
			runOnlyForDeploymentPostprocessing = 0;
		};
		C316B15A28082509001EB344 /* Resources */ = {
			isa = PBXResourcesBuildPhase;
			buildActionMask = 2147483647;
			files = (
			);
			runOnlyForDeploymentPostprocessing = 0;
		};
/* End PBXResourcesBuildPhase section */

/* Begin PBXSourcesBuildPhase section */
		C316B13828082508001EB344 /* Sources */ = {
			isa = PBXSourcesBuildPhase;
			buildActionMask = 2147483647;
			files = (
				C316B14428082508001EB344 /* ViewController.swift in Sources */,
				C316B14028082508001EB344 /* AppDelegate.swift in Sources */,
				C316B14228082508001EB344 /* SceneDelegate.swift in Sources */,
			);
			runOnlyForDeploymentPostprocessing = 0;
		};
		C316B14E28082509001EB344 /* Sources */ = {
			isa = PBXSourcesBuildPhase;
			buildActionMask = 2147483647;
			files = (
				C316B15728082509001EB344 /* StoryTellerTests.swift in Sources */,
			);
			runOnlyForDeploymentPostprocessing = 0;
		};
		C316B15828082509001EB344 /* Sources */ = {
			isa = PBXSourcesBuildPhase;
			buildActionMask = 2147483647;
			files = (
				C316B16328082509001EB344 /* StoryTellerUITestsLaunchTests.swift in Sources */,
				C316B16128082509001EB344 /* StoryTellerUITests.swift in Sources */,
			);
			runOnlyForDeploymentPostprocessing = 0;
		};
/* End PBXSourcesBuildPhase section */

/* Begin PBXTargetDependency section */
		C316B15428082509001EB344 /* PBXTargetDependency */ = {
			isa = PBXTargetDependency;
			target = C316B13B28082508001EB344 /* StoryTeller */;
			targetProxy = C316B15328082509001EB344 /* PBXContainerItemProxy */;
		};
		C316B15E28082509001EB344 /* PBXTargetDependency */ = {
			isa = PBXTargetDependency;
			target = C316B13B28082508001EB344 /* StoryTeller */;
			targetProxy = C316B15D28082509001EB344 /* PBXContainerItemProxy */;
		};
/* End PBXTargetDependency section */

/* Begin PBXVariantGroup section */
		C316B14528082508001EB344 /* Main.storyboard */ = {
			isa = PBXVariantGroup;
			children = (
				C316B14628082508001EB344 /* Base */,
			);
			name = Main.storyboard;
			sourceTree = "<group>";
		};
		C316B14A28082509001EB344 /* LaunchScreen.storyboard */ = {
			isa = PBXVariantGroup;
			children = (
				C316B14B28082509001EB344 /* Base */,
			);
			name = LaunchScreen.storyboard;
			sourceTree = "<group>";
		};
/* End PBXVariantGroup section */

/* Begin XCBuildConfiguration section */
		C316B16428082509001EB344 /* Debug */ = {
			isa = XCBuildConfiguration;
			buildSettings = {
				ALWAYS_SEARCH_USER_PATHS = NO;
				CLANG_ANALYZER_NONNULL = YES;
				CLANG_ANALYZER_NUMBER_OBJECT_CONVERSION = YES_AGGRESSIVE;
				CLANG_CXX_LANGUAGE_STANDARD = "gnu++17";
				CLANG_CXX_LIBRARY = "libc++";
				CLANG_ENABLE_MODULES = YES;
				CLANG_ENABLE_OBJC_ARC = YES;
				CLANG_ENABLE_OBJC_WEAK = YES;
				CLANG_WARN_BLOCK_CAPTURE_AUTORELEASING = YES;
				CLANG_WARN_BOOL_CONVERSION = YES;
				CLANG_WARN_COMMA = YES;
				CLANG_WARN_CONSTANT_CONVERSION = YES;
				CLANG_WARN_DEPRECATED_OBJC_IMPLEMENTATIONS = YES;
				CLANG_WARN_DIRECT_OBJC_ISA_USAGE = YES_ERROR;
				CLANG_WARN_DOCUMENTATION_COMMENTS = YES;
				CLANG_WARN_EMPTY_BODY = YES;
				CLANG_WARN_ENUM_CONVERSION = YES;
				CLANG_WARN_INFINITE_RECURSION = YES;
				CLANG_WARN_INT_CONVERSION = YES;
				CLANG_WARN_NON_LITERAL_NULL_CONVERSION = YES;
				CLANG_WARN_OBJC_IMPLICIT_RETAIN_SELF = YES;
				CLANG_WARN_OBJC_LITERAL_CONVERSION = YES;
				CLANG_WARN_OBJC_ROOT_CLASS = YES_ERROR;
				CLANG_WARN_QUOTED_INCLUDE_IN_FRAMEWORK_HEADER = YES;
				CLANG_WARN_RANGE_LOOP_ANALYSIS = YES;
				CLANG_WARN_STRICT_PROTOTYPES = YES;
				CLANG_WARN_SUSPICIOUS_MOVE = YES;
				CLANG_WARN_UNGUARDED_AVAILABILITY = YES_AGGRESSIVE;
				CLANG_WARN_UNREACHABLE_CODE = YES;
				CLANG_WARN__DUPLICATE_METHOD_MATCH = YES;
				COPY_PHASE_STRIP = NO;
				DEBUG_INFORMATION_FORMAT = dwarf;
				ENABLE_STRICT_OBJC_MSGSEND = YES;
				ENABLE_TESTABILITY = YES;
				GCC_C_LANGUAGE_STANDARD = gnu11;
				GCC_DYNAMIC_NO_PIC = NO;
				GCC_NO_COMMON_BLOCKS = YES;
				GCC_OPTIMIZATION_LEVEL = 0;
				GCC_PREPROCESSOR_DEFINITIONS = (
					"DEBUG=1",
					"$(inherited)",
				);
				GCC_WARN_64_TO_32_BIT_CONVERSION = YES;
				GCC_WARN_ABOUT_RETURN_TYPE = YES_ERROR;
				GCC_WARN_UNDECLARED_SELECTOR = YES;
				GCC_WARN_UNINITIALIZED_AUTOS = YES_AGGRESSIVE;
				GCC_WARN_UNUSED_FUNCTION = YES;
				GCC_WARN_UNUSED_VARIABLE = YES;
				IPHONEOS_DEPLOYMENT_TARGET = 15.2;
				MTL_ENABLE_DEBUG_INFO = INCLUDE_SOURCE;
				MTL_FAST_MATH = YES;
				ONLY_ACTIVE_ARCH = YES;
				SDKROOT = iphoneos;
				SWIFT_ACTIVE_COMPILATION_CONDITIONS = DEBUG;
				SWIFT_OPTIMIZATION_LEVEL = "-Onone";
			};
			name = Debug;
		};
		C316B16528082509001EB344 /* Release */ = {
			isa = XCBuildConfiguration;
			buildSettings = {
				ALWAYS_SEARCH_USER_PATHS = NO;
				CLANG_ANALYZER_NONNULL = YES;
				CLANG_ANALYZER_NUMBER_OBJECT_CONVERSION = YES_AGGRESSIVE;
				CLANG_CXX_LANGUAGE_STANDARD = "gnu++17";
				CLANG_CXX_LIBRARY = "libc++";
				CLANG_ENABLE_MODULES = YES;
				CLANG_ENABLE_OBJC_ARC = YES;
				CLANG_ENABLE_OBJC_WEAK = YES;
				CLANG_WARN_BLOCK_CAPTURE_AUTORELEASING = YES;
				CLANG_WARN_BOOL_CONVERSION = YES;
				CLANG_WARN_COMMA = YES;
				CLANG_WARN_CONSTANT_CONVERSION = YES;
				CLANG_WARN_DEPRECATED_OBJC_IMPLEMENTATIONS = YES;
				CLANG_WARN_DIRECT_OBJC_ISA_USAGE = YES_ERROR;
				CLANG_WARN_DOCUMENTATION_COMMENTS = YES;
				CLANG_WARN_EMPTY_BODY = YES;
				CLANG_WARN_ENUM_CONVERSION = YES;
				CLANG_WARN_INFINITE_RECURSION = YES;
				CLANG_WARN_INT_CONVERSION = YES;
				CLANG_WARN_NON_LITERAL_NULL_CONVERSION = YES;
				CLANG_WARN_OBJC_IMPLICIT_RETAIN_SELF = YES;
				CLANG_WARN_OBJC_LITERAL_CONVERSION = YES;
				CLANG_WARN_OBJC_ROOT_CLASS = YES_ERROR;
				CLANG_WARN_QUOTED_INCLUDE_IN_FRAMEWORK_HEADER = YES;
				CLANG_WARN_RANGE_LOOP_ANALYSIS = YES;
				CLANG_WARN_STRICT_PROTOTYPES = YES;
				CLANG_WARN_SUSPICIOUS_MOVE = YES;
				CLANG_WARN_UNGUARDED_AVAILABILITY = YES_AGGRESSIVE;
				CLANG_WARN_UNREACHABLE_CODE = YES;
				CLANG_WARN__DUPLICATE_METHOD_MATCH = YES;
				COPY_PHASE_STRIP = NO;
				DEBUG_INFORMATION_FORMAT = "dwarf-with-dsym";
				ENABLE_NS_ASSERTIONS = NO;
				ENABLE_STRICT_OBJC_MSGSEND = YES;
				GCC_C_LANGUAGE_STANDARD = gnu11;
				GCC_NO_COMMON_BLOCKS = YES;
				GCC_WARN_64_TO_32_BIT_CONVERSION = YES;
				GCC_WARN_ABOUT_RETURN_TYPE = YES_ERROR;
				GCC_WARN_UNDECLARED_SELECTOR = YES;
				GCC_WARN_UNINITIALIZED_AUTOS = YES_AGGRESSIVE;
				GCC_WARN_UNUSED_FUNCTION = YES;
				GCC_WARN_UNUSED_VARIABLE = YES;
				IPHONEOS_DEPLOYMENT_TARGET = 15.2;
				MTL_ENABLE_DEBUG_INFO = NO;
				MTL_FAST_MATH = YES;
				SDKROOT = iphoneos;
				SWIFT_COMPILATION_MODE = wholemodule;
				SWIFT_OPTIMIZATION_LEVEL = "-O";
				VALIDATE_PRODUCT = YES;
			};
			name = Release;
		};
		C316B16728082509001EB344 /* Debug */ = {
			isa = XCBuildConfiguration;
			buildSettings = {
				ASSETCATALOG_COMPILER_APPICON_NAME = AppIcon;
				ASSETCATALOG_COMPILER_GLOBAL_ACCENT_COLOR_NAME = AccentColor;
				CODE_SIGN_STYLE = Automatic;
				CURRENT_PROJECT_VERSION = 1;
				GENERATE_INFOPLIST_FILE = YES;
				INFOPLIST_FILE = StoryTeller/Info.plist;
				INFOPLIST_KEY_UIApplicationSupportsIndirectInputEvents = YES;
				INFOPLIST_KEY_UILaunchStoryboardName = LaunchScreen;
				INFOPLIST_KEY_UIMainStoryboardFile = Main;
				INFOPLIST_KEY_UISupportedInterfaceOrientations_iPad = "UIInterfaceOrientationPortrait UIInterfaceOrientationPortraitUpsideDown UIInterfaceOrientationLandscapeLeft UIInterfaceOrientationLandscapeRight";
				INFOPLIST_KEY_UISupportedInterfaceOrientations_iPhone = "UIInterfaceOrientationPortrait UIInterfaceOrientationLandscapeLeft UIInterfaceOrientationLandscapeRight";
				LD_RUNPATH_SEARCH_PATHS = (
					"$(inherited)",
					"@executable_path/Frameworks",
				);
				MARKETING_VERSION = 1.0;
				PRODUCT_BUNDLE_IDENTIFIER = com.group4.StoryTeller;
				PRODUCT_NAME = "$(TARGET_NAME)";
				SWIFT_EMIT_LOC_STRINGS = YES;
				SWIFT_VERSION = 5.0;
				TARGETED_DEVICE_FAMILY = "1,2";
			};
			name = Debug;
		};
		C316B16828082509001EB344 /* Release */ = {
			isa = XCBuildConfiguration;
			buildSettings = {
				ASSETCATALOG_COMPILER_APPICON_NAME = AppIcon;
				ASSETCATALOG_COMPILER_GLOBAL_ACCENT_COLOR_NAME = AccentColor;
				CODE_SIGN_STYLE = Automatic;
				CURRENT_PROJECT_VERSION = 1;
				GENERATE_INFOPLIST_FILE = YES;
				INFOPLIST_FILE = StoryTeller/Info.plist;
				INFOPLIST_KEY_UIApplicationSupportsIndirectInputEvents = YES;
				INFOPLIST_KEY_UILaunchStoryboardName = LaunchScreen;
				INFOPLIST_KEY_UIMainStoryboardFile = Main;
				INFOPLIST_KEY_UISupportedInterfaceOrientations_iPad = "UIInterfaceOrientationPortrait UIInterfaceOrientationPortraitUpsideDown UIInterfaceOrientationLandscapeLeft UIInterfaceOrientationLandscapeRight";
				INFOPLIST_KEY_UISupportedInterfaceOrientations_iPhone = "UIInterfaceOrientationPortrait UIInterfaceOrientationLandscapeLeft UIInterfaceOrientationLandscapeRight";
				LD_RUNPATH_SEARCH_PATHS = (
					"$(inherited)",
					"@executable_path/Frameworks",
				);
				MARKETING_VERSION = 1.0;
				PRODUCT_BUNDLE_IDENTIFIER = com.group4.StoryTeller;
				PRODUCT_NAME = "$(TARGET_NAME)";
				SWIFT_EMIT_LOC_STRINGS = YES;
				SWIFT_VERSION = 5.0;
				TARGETED_DEVICE_FAMILY = "1,2";
			};
			name = Release;
		};
		C316B16A28082509001EB344 /* Debug */ = {
			isa = XCBuildConfiguration;
			buildSettings = {
				ALWAYS_EMBED_SWIFT_STANDARD_LIBRARIES = YES;
				BUNDLE_LOADER = "$(TEST_HOST)";
				CODE_SIGN_STYLE = Automatic;
				CURRENT_PROJECT_VERSION = 1;
				GENERATE_INFOPLIST_FILE = YES;
				IPHONEOS_DEPLOYMENT_TARGET = 15.2;
				MARKETING_VERSION = 1.0;
				PRODUCT_BUNDLE_IDENTIFIER = com.group4.StoryTellerTests;
				PRODUCT_NAME = "$(TARGET_NAME)";
				SWIFT_EMIT_LOC_STRINGS = NO;
				SWIFT_VERSION = 5.0;
				TARGETED_DEVICE_FAMILY = "1,2";
				TEST_HOST = "$(BUILT_PRODUCTS_DIR)/StoryTeller.app/StoryTeller";
			};
			name = Debug;
		};
		C316B16B28082509001EB344 /* Release */ = {
			isa = XCBuildConfiguration;
			buildSettings = {
				ALWAYS_EMBED_SWIFT_STANDARD_LIBRARIES = YES;
				BUNDLE_LOADER = "$(TEST_HOST)";
				CODE_SIGN_STYLE = Automatic;
				CURRENT_PROJECT_VERSION = 1;
				GENERATE_INFOPLIST_FILE = YES;
				IPHONEOS_DEPLOYMENT_TARGET = 15.2;
				MARKETING_VERSION = 1.0;
				PRODUCT_BUNDLE_IDENTIFIER = com.group4.StoryTellerTests;
				PRODUCT_NAME = "$(TARGET_NAME)";
				SWIFT_EMIT_LOC_STRINGS = NO;
				SWIFT_VERSION = 5.0;
				TARGETED_DEVICE_FAMILY = "1,2";
				TEST_HOST = "$(BUILT_PRODUCTS_DIR)/StoryTeller.app/StoryTeller";
			};
			name = Release;
		};
		C316B16D28082509001EB344 /* Debug */ = {
			isa = XCBuildConfiguration;
			buildSettings = {
				ALWAYS_EMBED_SWIFT_STANDARD_LIBRARIES = YES;
				CODE_SIGN_STYLE = Automatic;
				CURRENT_PROJECT_VERSION = 1;
				GENERATE_INFOPLIST_FILE = YES;
				MARKETING_VERSION = 1.0;
				PRODUCT_BUNDLE_IDENTIFIER = com.group4.StoryTellerUITests;
				PRODUCT_NAME = "$(TARGET_NAME)";
				SWIFT_EMIT_LOC_STRINGS = NO;
				SWIFT_VERSION = 5.0;
				TARGETED_DEVICE_FAMILY = "1,2";
				TEST_TARGET_NAME = StoryTeller;
			};
			name = Debug;
		};
		C316B16E28082509001EB344 /* Release */ = {
			isa = XCBuildConfiguration;
			buildSettings = {
				ALWAYS_EMBED_SWIFT_STANDARD_LIBRARIES = YES;
				CODE_SIGN_STYLE = Automatic;
				CURRENT_PROJECT_VERSION = 1;
				GENERATE_INFOPLIST_FILE = YES;
				MARKETING_VERSION = 1.0;
				PRODUCT_BUNDLE_IDENTIFIER = com.group4.StoryTellerUITests;
				PRODUCT_NAME = "$(TARGET_NAME)";
				SWIFT_EMIT_LOC_STRINGS = NO;
				SWIFT_VERSION = 5.0;
				TARGETED_DEVICE_FAMILY = "1,2";
				TEST_TARGET_NAME = StoryTeller;
			};
			name = Release;
		};
/* End XCBuildConfiguration section */

/* Begin XCConfigurationList section */
		C316B13728082508001EB344 /* Build configuration list for PBXProject "StoryTeller" */ = {
			isa = XCConfigurationList;
			buildConfigurations = (
				C316B16428082509001EB344 /* Debug */,
				C316B16528082509001EB344 /* Release */,
			);
			defaultConfigurationIsVisible = 0;
			defaultConfigurationName = Release;
		};
		C316B16628082509001EB344 /* Build configuration list for PBXNativeTarget "StoryTeller" */ = {
			isa = XCConfigurationList;
			buildConfigurations = (
				C316B16728082509001EB344 /* Debug */,
				C316B16828082509001EB344 /* Release */,
			);
			defaultConfigurationIsVisible = 0;
			defaultConfigurationName = Release;
		};
		C316B16928082509001EB344 /* Build configuration list for PBXNativeTarget "StoryTellerTests" */ = {
			isa = XCConfigurationList;
			buildConfigurations = (
				C316B16A28082509001EB344 /* Debug */,
				C316B16B28082509001EB344 /* Release */,
			);
			defaultConfigurationIsVisible = 0;
			defaultConfigurationName = Release;
		};
		C316B16C28082509001EB344 /* Build configuration list for PBXNativeTarget "StoryTellerUITests" */ = {
			isa = XCConfigurationList;
			buildConfigurations = (
				C316B16D28082509001EB344 /* Debug */,
				C316B16E28082509001EB344 /* Release */,
			);
			defaultConfigurationIsVisible = 0;
			defaultConfigurationName = Release;
		};
/* End XCConfigurationList section */
	};
	rootObject = C316B13428082508001EB344 /* Project object */;
}
